
Microsoft Visual Studio Solution File, Format Version 12.00
# Visual Studio Version 16
VisualStudioVersion = 16.0.30002.166
MinimumVisualStudioVersion = 10.0.40219.1
Project("{9A19103F-16F7-4668-BE54-9A1E7A4F7556}") = "PlayGround", "PlayGround.csproj", "{BEFF3EC0-D6B3-4BFC-9785-815D0CFEFB02}"
EndProject
Project("{9A19103F-16F7-4668-BE54-9A1E7A4F7556}") = "Repository", "..\Repository\Repository.csproj", "{A125EE7E-88D7-4235-AC59-FEDA344BADB9}"
EndProject
Project("{9A19103F-16F7-4668-BE54-9A1E7A4F7556}") = "DAL", "..\DAL\DAL.csproj", "{D3B4D4FC-8D80-4F46-B2AF-62685D4B57F4}"
EndProject
Project("{FAE04EC0-301F-11D3-BF4B-00C04F79EFBC}") = "PlayGround.Tests", "..\PlayGround.Tests\PlayGround.Tests.csproj", "{642D8CC6-391B-4B9A-9059-C7AF7F78425D}"
EndProject
Project("{FAE04EC0-301F-11D3-BF4B-00C04F79EFBC}") = "PlayGroundMVC", "..\PlayGroundMVC\PlayGroundMVC.csproj", "{791A6BE9-0422-4788-8A92-0EE62448DE5A}"
EndProject
Global
	GlobalSection(SolutionConfigurationPlatforms) = preSolution
		Debug|Any CPU = Debug|Any CPU
		Release|Any CPU = Release|Any CPU
	EndGlobalSection
	GlobalSection(ProjectConfigurationPlatforms) = postSolution
		{BEFF3EC0-D6B3-4BFC-9785-815D0CFEFB02}.Debug|Any CPU.ActiveCfg = Debug|Any CPU
		{BEFF3EC0-D6B3-4BFC-9785-815D0CFEFB02}.Debug|Any CPU.Build.0 = Debug|Any CPU
		{BEFF3EC0-D6B3-4BFC-9785-815D0CFEFB02}.Release|Any CPU.ActiveCfg = Release|Any CPU
		{BEFF3EC0-D6B3-4BFC-9785-815D0CFEFB02}.Release|Any CPU.Build.0 = Release|Any CPU
		{A125EE7E-88D7-4235-AC59-FEDA344BADB9}.Debug|Any CPU.ActiveCfg = Debug|Any CPU
		{A125EE7E-88D7-4235-AC59-FEDA344BADB9}.Debug|Any CPU.Build.0 = Debug|Any CPU
		{A125EE7E-88D7-4235-AC59-FEDA344BADB9}.Release|Any CPU.ActiveCfg = Release|Any CPU
		{A125EE7E-88D7-4235-AC59-FEDA344BADB9}.Release|Any CPU.Build.0 = Release|Any CPU
		{D3B4D4FC-8D80-4F46-B2AF-62685D4B57F4}.Debug|Any CPU.ActiveCfg = Debug|Any CPU
		{D3B4D4FC-8D80-4F46-B2AF-62685D4B57F4}.Debug|Any CPU.Build.0 = Debug|Any CPU
		{D3B4D4FC-8D80-4F46-B2AF-62685D4B57F4}.Release|Any CPU.ActiveCfg = Release|Any CPU
		{D3B4D4FC-8D80-4F46-B2AF-62685D4B57F4}.Release|Any CPU.Build.0 = Release|Any CPU
		{642D8CC6-391B-4B9A-9059-C7AF7F78425D}.Debug|Any CPU.ActiveCfg = Debug|Any CPU
		{642D8CC6-391B-4B9A-9059-C7AF7F78425D}.Debug|Any CPU.Build.0 = Debug|Any CPU
		{642D8CC6-391B-4B9A-9059-C7AF7F78425D}.Release|Any CPU.ActiveCfg = Release|Any CPU
		{642D8CC6-391B-4B9A-9059-C7AF7F78425D}.Release|Any CPU.Build.0 = Release|Any CPU
		{791A6BE9-0422-4788-8A92-0EE62448DE5A}.Debug|Any CPU.ActiveCfg = Debug|Any CPU
		{791A6BE9-0422-4788-8A92-0EE62448DE5A}.Debug|Any CPU.Build.0 = Debug|Any CPU
		{791A6BE9-0422-4788-8A92-0EE62448DE5A}.Release|Any CPU.ActiveCfg = Release|Any CPU
		{791A6BE9-0422-4788-8A92-0EE62448DE5A}.Release|Any CPU.Build.0 = Release|Any CPU
	EndGlobalSection
	GlobalSection(SolutionProperties) = preSolution
		HideSolutionNode = FALSE
	EndGlobalSection
	GlobalSection(ExtensibilityGlobals) = postSolution
		SolutionGuid = {B18874D4-F775-478B-8DDF-708666BC2198}
	EndGlobalSection
EndGlobal
